
Microsoft Visual Studio Solution File, Format Version 12.00
# Visual Studio Version 17
VisualStudioVersion = 17.1.32228.430
MinimumVisualStudioVersion = 10.0.40219.1
Project("{FAE04EC0-301F-11D3-BF4B-00C04F79EFBC}") = "TourApp_PAPA", "TourApp_PAPA.csproj", "{38364BCC-F22F-4992-A06E-3804BE5A0AEB}"
EndProject
Global
	GlobalSection(SolutionConfigurationPlatforms) = preSolution
		Debug|Any CPU = Debug|Any CPU
		Release|Any CPU = Release|Any CPU
	EndGlobalSection
	GlobalSection(ProjectConfigurationPlatforms) = postSolution
		{38364BCC-F22F-4992-A06E-3804BE5A0AEB}.Debug|Any CPU.ActiveCfg = Debug|Any CPU
		{38364BCC-F22F-4992-A06E-3804BE5A0AEB}.Debug|Any CPU.Build.0 = Debug|Any CPU
		{38364BCC-F22F-4992-A06E-3804BE5A0AEB}.Release|Any CPU.ActiveCfg = Release|Any CPU
		{38364BCC-F22F-4992-A06E-3804BE5A0AEB}.Release|Any CPU.Build.0 = Release|Any CPU
	EndGlobalSection
	GlobalSection(SolutionProperties) = preSolution
		HideSolutionNode = FALSE
	EndGlobalSection
	GlobalSection(ExtensibilityGlobals) = postSolution
		SolutionGuid = {87F9B1F3-1299-49BC-AE76-1BDF36D52F30}
	EndGlobalSection
EndGlobal
